Microsoft Visual Studio Solution File, Format Version 12.00
# Visual Studio Version 17
VisualStudioVersion = 17.5.2.0
MinimumVisualStudioVersion = 10.0.40219.1
Project("{FAE04EC0-301F-11D3-BF4B-00C04F79EFBC}") = "ExampleApp", "ExampleApp.csproj", "{BAF47F0F-B850-6A44-CD2A-074AB7AF61C3}"
EndProject
Global
	GlobalSection(SolutionConfigurationPlatforms) = preSolution
		Debug|Any CPU = Debug|Any CPU
		Release|Any CPU = Release|Any CPU
	EndGlobalSection
	GlobalSection(ProjectConfigurationPlatforms) = postSolution
		{BAF47F0F-B850-6A44-CD2A-074AB7AF61C3}.Debug|Any CPU.ActiveCfg = Debug|Any CPU
		{BAF47F0F-B850-6A44-CD2A-074AB7AF61C3}.Debug|Any CPU.Build.0 = Debug|Any CPU
		{BAF47F0F-B850-6A44-CD2A-074AB7AF61C3}.Release|Any CPU.ActiveCfg = Release|Any CPU
		{BAF47F0F-B850-6A44-CD2A-074AB7AF61C3}.Release|Any CPU.Build.0 = Release|Any CPU
	EndGlobalSection
	GlobalSection(SolutionProperties) = preSolution
		HideSolutionNode = FALSE
	EndGlobalSection
	GlobalSection(ExtensibilityGlobals) = postSolution
		SolutionGuid = {2A2A7CCE-CCBC-448B-83A6-4170A8ACD8EA}
	EndGlobalSection
EndGlobal
